
Microsoft Visual Studio Solution File, Format Version 12.00
# Visual Studio Version 17
VisualStudioVersion = 17.9.34622.214
MinimumVisualStudioVersion = 10.0.40219.1
Project("{FAE04EC0-301F-11D3-BF4B-00C04F79EFBC}") = "CSPractice1", "CSPractice1.csproj", "{FD248340-D192-4D3E-8AAA-D2605A638736}"
EndProject
Project("{2150E333-8FDC-42A3-9474-1A3956D46DE8}") = "솔루션 항목", "솔루션 항목", "{A790C54C-3F1C-40EC-8684-C93405C3D6F3}"
	ProjectSection(SolutionItems) = preProject
		SecondClass.cs = SecondClass.cs
	EndProjectSection
EndProject
Global
	GlobalSection(SolutionConfigurationPlatforms) = preSolution
		Debug|Any CPU = Debug|Any CPU
		Release|Any CPU = Release|Any CPU
	EndGlobalSection
	GlobalSection(ProjectConfigurationPlatforms) = postSolution
		{FD248340-D192-4D3E-8AAA-D2605A638736}.Debug|Any CPU.ActiveCfg = Debug|Any CPU
		{FD248340-D192-4D3E-8AAA-D2605A638736}.Debug|Any CPU.Build.0 = Debug|Any CPU
		{FD248340-D192-4D3E-8AAA-D2605A638736}.Release|Any CPU.ActiveCfg = Release|Any CPU
		{FD248340-D192-4D3E-8AAA-D2605A638736}.Release|Any CPU.Build.0 = Release|Any CPU
	EndGlobalSection
	GlobalSection(SolutionProperties) = preSolution
		HideSolutionNode = FALSE
	EndGlobalSection
	GlobalSection(ExtensibilityGlobals) = postSolution
		SolutionGuid = {CD9DCA79-5905-416D-BE72-D079A5E1ECDA}
	EndGlobalSection
EndGlobal
